
Microsoft Visual Studio Solution File, Format Version 12.00
# Visual Studio Version 17
VisualStudioVersion = 17.3.32901.215
MinimumVisualStudioVersion = 10.0.40219.1
Project("{FAE04EC0-301F-11D3-BF4B-00C04F79EFBC}") = "Basic_CQRS", "Basic_CQRS\Basic_CQRS.csproj", "{B6E9CB77-E180-40A4-9DE9-F81D8012BE85}"
EndProject
Global
	GlobalSection(SolutionConfigurationPlatforms) = preSolution
		Debug|Any CPU = Debug|Any CPU
		Release|Any CPU = Release|Any CPU
	EndGlobalSection
	GlobalSection(ProjectConfigurationPlatforms) = postSolution
		{B6E9CB77-E180-40A4-9DE9-F81D8012BE85}.Debug|Any CPU.ActiveCfg = Debug|Any CPU
		{B6E9CB77-E180-40A4-9DE9-F81D8012BE85}.Debug|Any CPU.Build.0 = Debug|Any CPU
		{B6E9CB77-E180-40A4-9DE9-F81D8012BE85}.Release|Any CPU.ActiveCfg = Release|Any CPU
		{B6E9CB77-E180-40A4-9DE9-F81D8012BE85}.Release|Any CPU.Build.0 = Release|Any CPU
	EndGlobalSection
	GlobalSection(SolutionProperties) = preSolution
		HideSolutionNode = FALSE
	EndGlobalSection
	GlobalSection(ExtensibilityGlobals) = postSolution
		SolutionGuid = {1CE1E640-8E48-4286-9216-9226FC684ADA}
	EndGlobalSection
EndGlobal
